# This file was autogenerated by uv via the following command:
#    uv pip compile tools/bench/requirements.in --python-version 3.13 --python-platform windows --generate-hashes --no-strip-markers -o tools/bench/requirements.lock
annotated-types==0.8.0 \
    --hash=sha256:13b2beaad985e05e2d6407ee4c4f35590b11f8d693a258a561055cac8f64cab7 \
    --hash=sha256:f072f4d804ea359e4eaf198b1af7a8b0943881a87f31bb764f8bf219bb9419e0
    # via
    #   -c tools/bench/../../backend/requirements-dev.lock
    #   -c tools/bench/../../backend/requirements.lock
    #   pydantic
anyio==4.14.2 \
    --hash=sha256:9f505dda5ac9f0c8309b5e8bd445a8c2bf7246f3ce950121e45ea15bc41d1494 \
    --hash=sha256:cfa139f3ed1a23ee8f88a145ddb5ac7605b8bbfd8592baacd7ce3d8bb4313c7f
    # via
    #   -c tools/bench/../../backend/requirements-dev.lock
    #   -c tools/bench/../../backend/requirements.lock
    #   httpx
certifi==2026.7.22 \
    --hash=sha256:62f22742b58a1a33014a2b6b706588a8d7e2a88ae7bd1a6ebe8c992928483775 \
    --hash=sha256:741e2c3b351ddf169a738da9f2c048608ff7f2c5cc02f1ebc6b118bb090d5d55
    # via
    #   -c tools/bench/../../backend/requirements-dev.lock
    #   httpcore
    #   httpx
et-xmlfile==2.0.0 \
    --hash=sha256:7a91720bc756843502c3b7504c77b8fe44217c85c537d85037f0f536151b2caa \
    --hash=sha256:dab3f4764309081ce75662649be815c4c9081e88f0837825f90fd28317d4da54
    # via
    #   -c tools/bench/../../backend/requirements-dev.lock
    #   -c tools/bench/../../backend/requirements.lock
    #   openpyxl
greenlet==3.5.5 \
    --hash=sha256:03115c2e0a371999bf8ae616aa8d653f96641d4705c457aebaa187276e9f7537 \
    --hash=sha256:03551ed792cb1b4fc0277a0c60dfd8c343894a0ba06fe60dcd22f568b433da39 \
    --hash=sha256:0e5a7de979d764aea1f5b6e95cf92b5b37741b9823702041f34b126e7f690277 \
    --hash=sha256:102817506f6090b5176c746a82603341a549b40e5c3d5b72a4c672228a918c41 \
    --hash=sha256:12e2ee66c2aba86133f10fd99d6a8856c6d351ffb7be0e4d52ef2cc5fbb705b2 \
    --hash=sha256:147b25a42e5ca5be3d42356e8f608b37af715a1c196e9bf9d1627f3341adfe1d \
    --hash=sha256:159df1942d88e8f784cbb38d6f18bdb365cd11319cfbb3e89623de2b97892d53 \
    --hash=sha256:182de51c6b572a705f2fafaab2e783bcf7d2760940229dfe73086cbae037af3e \
    --hash=sha256:19d59f068887d8c5907fc177f27683413ace3011b6ed646c0b309266e74a6502 \
    --hash=sha256:19e4e026fe20691f333b8eb1a3bc9625eceba8c3f9d62ec5a6f8581afbc6b5a5 \
    --hash=sha256:1af90aa4bc129883b340cdd6957a3bc74f60528a4993bbd1f53aaebe1d9981cc \
    --hash=sha256:1b5ed9162c0c098e0bbc2cf88a94f433c1b8926f831745252e099e5d83e17759 \
    --hash=sha256:1e8d9391fe77f15649589a907cef972dbbd6352ef7ff7dc0492f658c0c26495f \
    --hash=sha256:27493374cff1d1b7919dc8126547f2aea582737e3046147b434b1e12de56389b \
    --hash=sha256:2888a3a38bc5ee5bb6c438372197152e815837e4fab7ed7a1f86ef18ffd58ad1 \
    --hash=sha256:2b70a766135540c472ac1393d57c2e1b4a2eb85bf526a1e41e6d096173a8cee5 \
    --hash=sha256:2d57406c3efd32d7a81e17a674314e8bd00792cdab49ea3228a49aa1bfb2e769 \
    --hash=sha256:2eabb980975cba5b93a95f6f69287d05fc05ac955bfd6a320a7c083eeb52c0b0 \
    --hash=sha256:3134291427bb0f3526e9d90311988caf336eb43730e95244997a4fb15f45144f \
    --hash=sha256:35cbb8bf55ace57fbccb4fb8622c4521713acd8691e77f4696d416ea7ca527da \
    --hash=sha256:37faa97daccb6d9f4c2141ce3118d023c3c5506864a7d8bdf726f665018c1f76 \
    --hash=sha256:40239b5384f96da3963585cc6d7eaa9b56f8ae67e8d92cc82dd9e202fc847de3 \
    --hash=sha256:4441153ffba21b90d3ca89fe3d31f5c093ae6c0bf0cfdfc98f54cde22f95b62e \
    --hash=sha256:44f08341873200ba8a60a8bc14ace3d91f1754f7fa7bc66157714a8cd420a476 \
    --hash=sha256:469dbb0a78625642f4a626cfd0c6e8bccc0385b5e49189b6308bbe849ec88a8e \
    --hash=sha256:49520f0c95a48b42cf55414b8e8479beb274ea70431afc33e3f79903c71f4380 \
    --hash=sha256:499adea519f748407fc6806d20eedabac2884fd73b9f38d81236e190ba20dfef \
    --hash=sha256:49ddacd36af37735fab103846f4ee4d18a492dde72730d1699c0c8ebe30d9f18 \
    --hash=sha256:4dfc7c4470354e7b09184d1a3a985761053a2fd694ddb5b5c80242afc2c8c90b \
    --hash=sha256:5173a72310725a74afc82c164f0e52cb8ad0de62f2bb623f24f6c0cc07d80272 \
    --hash=sha256:523bb8e27614d77101ea7a8cf59f8d91219b72d5c29f6a038c92b50828bfa8d0 \
    --hash=sha256:55272212cbc5f43d1d723725ab931f1939969b7e9523882ca58b55061769d053 \
    --hash=sha256:5e2afcfc4d4305dd715809b03da5cbe437c8984f61d8917751eb5fe4aefa3e07 \
    --hash=sha256:5e9ec2e7c98e895fcea0c5cc57b2606cf86ece6d0a56578f3eb225e2af4f0387 \
    --hash=sha256:5f1b1ff4828cdc1aba4266aff814085d04a1d07959287219af021b838b265d52 \
    --hash=sha256:634cf15a233a949136879dd388e25d3296e16f3f1e217d2456797b8579ebc6ed \
    --hash=sha256:655bca754a2ef4efcb0eb48a94d3f4593536d0f3d48f8ed44343c01d16a92f95 \
    --hash=sha256:68184dfcf50ccaa8e864770fe0633a7e27250ea9329f8192ef47ee9ecfd78e1c \
    --hash=sha256:6b241c32f912ada659808d68e308c568baf577eebf757d15471472de0c18cfad \
    --hash=sha256:6ca5d6ae0739e5764f2cfcfaa562ac5a990cbdaedca93251c5e3cf07c362371f \
    --hash=sha256:6d9b454c5fc48aeaa7c4337813dbf513a6870468e426438a04d922c6d0fe63db \
    --hash=sha256:70b157cd319873e8b544ddc2de158f55bbd0a9b0218c8ce9332039801518e328 \
    --hash=sha256:712aee154f648bde84634654bb38bb78c69ac640c37a45c9effed800735049d8 \
    --hash=sha256:72507285b5caa1d17904a3f7c322ca780823a54170a0e04ec3f37bcc60d4db71 \
    --hash=sha256:740e544169527b82695ce76af2f7ad6f030904658f2f3921a1d245771fb88cfc \
    --hash=sha256:74cc6df89ec5302337adc9cf096221cbed2510fd444b0e0f1586cf0470740864 \
    --hash=sha256:7805655781fb8f28a55d05fe57ed61f5f10f1892fb587673e3bb5264f28041f0 \
    --hash=sha256:7dffc5c859fe6059974df1e37d7923d654a83e2ae18fdd616994270e001115e1 \
    --hash=sha256:7f049911ee81a16a03c33d5450d8d5867d27f596ca5fb201b86f4524e874468b \
    --hash=sha256:816230f469381ad0a43abc9fa8dda5a699e32fb78958dde32ded93213b70a667 \
    --hash=sha256:86c5113d698cb8d927b2750bb1f1d59eefe3a37e0e0217491aee29a7f84ef52c \
    --hash=sha256:8a268024ce2d7d2b04694bf1594058981a9fa663d1df4b762dee499211ed7c1c \
    --hash=sha256:8bdfd1424abcf26832961e766570cae79efdb9599d709088c9cb6ef82b194926 \
    --hash=sha256:8fec3f165dfe332e490c3247c0f6c23b0bfc45f06496ad7f00ddb00e3d35e4dc \
    --hash=sha256:95c5b1f4b3a193f8a0c2de4bfdcb48d119f7f1063941f1de1f2168051b3e52dd \
    --hash=sha256:9ab5f5b93655e77fe0d6c2dfd22b5eac751bb1f876d8ec21761b7c1fb9266007 \
    --hash=sha256:9ec0dc0e59dc9c61af5c47348365ccbbd7addfafe0a93b00336ff3da2907bdc6 \
    --hash=sha256:9ff00e12102358292087274dfb1669132387ff6e7920ebf9d85f4826ce0d3a56 \
    --hash=sha256:a1eaccf5c3a1d3e46dead602c72e6836731e8e245c9de6a27764567b6b62d4c0 \
    --hash=sha256:a5433cf291e0ef9114bd14d0d824db6e5e4a43033234bca48181a9597acca07b \
    --hash=sha256:ab3df3dffb58bf70564e93a5cec7941e4d9faa5a36cc4234a10d3131afe04f53 \
    --hash=sha256:abc8bc8d9f935cd685457545b6a53863a877fdc12c2c0f5ee9beee18d9db139c \
    --hash=sha256:adb4bae02e91a8e863e48b177e4014bdcac8a6b5e047ea1df687a61534b85e6c \
    --hash=sha256:b18007dc2473a7942fd157366b55f01da6fed7ce85318591005b419e0a439474 \
    --hash=sha256:b79fd2a5bc099b5e744f34c4c9a58954a5f4cb7529fb4b6e8446057d61b6edaa \
    --hash=sha256:be63afcbbccfad3dd95a1ba12ada84dab2ef32031973d80b5b92df67fa763a61 \
    --hash=sha256:c0db80fcd5b8aece93f66c64f78a786bbb6b96c5fe63ef5a5a4581ecf8bab206 \
    --hash=sha256:c69bed34470abfcd456984fdadaa18e62169af4480335c45f3c32d1d9c12e638 \
    --hash=sha256:c6ce25fee6cabc8bf22cb8b52e642cbb821be5b9aec8094d07ff03378141b8e9 \
    --hash=sha256:d246c0db9a2513cd45f019ba178ea4d4d4705bd210ee465e2c15d76a1ab13874 \
    --hash=sha256:d4a389a852e392a6366058651a20fa5ba40d979865aa81bea2ccbdc44805070d \
    --hash=sha256:d98ef6f92e67c6dbf299dbfd8facc1b0d2d9cedf91e325e73b3d0373fe4309d8 \
    --hash=sha256:e604f58e35833fc46ef20302bcb314dddbfd3fcf33a4f936216d51dd678d63ae \
    --hash=sha256:ef6a08349401d8eaf3cb12688ac8557de95788556b8631ef17555a4a173022c0 \
    --hash=sha256:f0e5a21bd4452a88cf032fc43c4a5b307ab1380eacb63b5988f9c0317885e773 \
    --hash=sha256:f1e2db190db51c17433eee424803818cf0670bf049d9cfe0dd07be111d1aa7c4 \
    --hash=sha256:f2e3d061b8e13aec2f0441689b3c71b244a20e5d274a52cb0f7e31bd1d139552 \
    --hash=sha256:f7278591501941bb2456af102bb9cd59aab48c6cfd6e2dd68fa1290bb0c49a42 \
    --hash=sha256:fef01bd457f11fc158b130ca0027a3c365693280e8e231b65bdaf57999f39f5b
    # via
    #   -c tools/bench/../../backend/requirements-dev.lock
    #   -c tools/bench/../../backend/requirements.lock
    #   playwright
h11==0.16.0 \
    --hash=sha256:4e35b956cf45792e4caa5885e69fba00bdbc6ffafbfa020300e549b208ee5ff1 \
    --hash=sha256:63cf8bbe7522de3bf65932fda1d9c2772064ffb3dae62d55932da54b31cb6c86
    # via
    #   -c tools/bench/../../backend/requirements-dev.lock
    #   -c tools/bench/../../backend/requirements.lock
    #   httpcore
httpcore==1.0.9 \
    --hash=sha256:2d400746a40668fc9dec9810239072b40b4484b640a8c38fd654a024c7a1bf55 \
    --hash=sha256:6e34463af53fd2ab5d807f399a9b45ea31c3dfa2276f15a2c3f00afff6e176e8
    # via
    #   -c tools/bench/../../backend/requirements-dev.lock
    #   httpx
httpx==0.28.1 \
    --hash=sha256:75e98c5f16b0f35b567856f597f06ff2270a374470a5c2392242528e3e3e42fc \
    --hash=sha256:d909fcccc110f8c7faf814ca82a9a4d816bc5a6dbfea25d6591d6985b8ba59ad
    # via
    #   -c tools/bench/../../backend/requirements-dev.lock
    #   -r tools/bench/requirements.in
idna==3.19 \
    --hash=sha256:5e0811a4383b21dc5838069f801c4fb62113b7447663d2530d2bd6e77b49bf15 \
    --hash=sha256:815e7be7a7806d54abb586dc943addc79e8b2ee16915059658cbeff4b1b43bf4
    # via
    #   -c tools/bench/../../backend/requirements-dev.lock
    #   -c tools/bench/../../backend/requirements.lock
    #   anyio
    #   httpx
openpyxl==3.1.5 \
    --hash=sha256:5282c12b107bffeef825f4617dc029afaf41d0ea60823bbb665ef3079dc79de2 \
    --hash=sha256:cf0e3cf56142039133628b5acffe8ef0c12bc902d2aadd3e0fe5878dc08d1050
    # via
    #   -c tools/bench/../../backend/requirements-dev.lock
    #   -c tools/bench/../../backend/requirements.lock
    #   -r tools/bench/requirements.in
playwright==1.62.0 \
    --hash=sha256:5108bd5b3e87169ddf269feee097da5893af7f8aea4634dfc840518d64c1f1da \
    --hash=sha256:92c0d98ed04eb35af557b709875edba415b1f548bdb22ddb5bb3e1e6c835c2f1 \
    --hash=sha256:ba33bae6a13b3d9d354c751cb618af357d20fe1d57767cbcce52079bbef17ad3 \
    --hash=sha256:d8da938f3748841a8754f2e1f0216902c1c8f8ae3720de8b32ccf8e6913a7c4f \
    --hash=sha256:db2d76613a57ad844362ce42f7d0c2fa26b19a4f7a46d4f76b891c631e6e5aff \
    --hash=sha256:db755ab27db21a04186f1fe8169888e42356086e439b1059b923ef417f0b6034 \
    --hash=sha256:e5614fa89355d7081457680324bb219f79f69c423c5cb6fa250e30b0d8aebf1c \
    --hash=sha256:ea8d3055aa9d5a9f1832ac82517bd8b42c78fac7ebcbebb0107116735c8cb6a1
    # via -r tools/bench/requirements.in
pydantic==2.10.3 \
    --hash=sha256:be04d85bbc7b65651c5f8e6b9976ed9c6f41782a55524cef079a34a0bb82144d \
    --hash=sha256:cb5ac360ce894ceacd69c403187900a02c4b20b693a9dd1d643e1effab9eadf9
    # via
    #   -c tools/bench/../../backend/requirements-dev.lock
    #   -c tools/bench/../../backend/requirements.lock
    #   -r tools/bench/requirements.in
pydantic-core==2.27.1 \
    --hash=sha256:00e6424f4b26fe82d44577b4c842d7df97c20be6439e8e685d0d715feceb9fb9 \
    --hash=sha256:029d9757eb621cc6e1848fa0b0310310de7301057f623985698ed7ebb014391b \
    --hash=sha256:02a3d637bd387c41d46b002f0e49c52642281edacd2740e5a42f7017feea3f2c \
    --hash=sha256:0325336f348dbee6550d129b1627cb8f5351a9dc91aad141ffb96d4937bd9529 \
    --hash=sha256:062f60e512fc7fff8b8a9d680ff0ddaaef0193dba9fa83e679c0c5f5fbd018bc \
    --hash=sha256:0b3dfe500de26c52abe0477dde16192ac39c98f05bf2d80e76102d394bd13854 \
    --hash=sha256:0e4216e64d203e39c62df627aa882f02a2438d18a5f21d7f721621f7a5d3611d \
    --hash=sha256:121ceb0e822f79163dd4699e4c54f5ad38b157084d97b34de8b232bcaad70278 \
    --hash=sha256:159cac0a3d096f79ab6a44d77a961917219707e2a130739c64d4dd46281f5c2a \
    --hash=sha256:15aae984e46de8d376df515f00450d1522077254ef6b7ce189b38ecee7c9677c \
    --hash=sha256:15cc53a3179ba0fcefe1e3ae50beb2784dede4003ad2dfd24f81bba4b23a454f \
    --hash=sha256:161c27ccce13b6b0c8689418da3885d3220ed2eae2ea5e9b2f7f3d48f1d52c27 \
    --hash=sha256:19910754e4cc9c63bc1c7f6d73aa1cfee82f42007e407c0f413695c2f7ed777f \
    --hash=sha256:1ba5e3963344ff25fc8c40da90f44b0afca8cfd89d12964feb79ac1411a260ac \
    --hash=sha256:1c00666a3bd2f84920a4e94434f5974d7bbc57e461318d6bb34ce9cdbbc1f6b2 \
    --hash=sha256:1c39b07d90be6b48968ddc8c19e7585052088fd7ec8d568bb31ff64c70ae3c97 \
    --hash=sha256:206b5cf6f0c513baffaeae7bd817717140770c74528f3e4c3e1cec7871ddd61a \
    --hash=sha256:258c57abf1188926c774a4c94dd29237e77eda19462e5bb901d88adcab6af919 \
    --hash=sha256:2cdf7d86886bc6982354862204ae3b2f7f96f21a3eb0ba5ca0ac42c7b38598b9 \
    --hash=sha256:2d4567c850905d5eaaed2f7a404e61012a51caf288292e016360aa2b96ff38d4 \
    --hash=sha256:35c14ac45fcfdf7167ca76cc80b2001205a8d5d16d80524e13508371fb8cdd9c \
    --hash=sha256:38de0a70160dd97540335b7ad3a74571b24f1dc3ed33f815f0880682e6880131 \
    --hash=sha256:3af385b0cee8df3746c3f406f38bcbfdc9041b5c2d5ce3e5fc6637256e60bbc5 \
    --hash=sha256:3b748c44bb9f53031c8cbc99a8a061bc181c1000c60a30f55393b6e9c45cc5bd \
    --hash=sha256:3bbd5d8cc692616d5ef6fbbbd50dbec142c7e6ad9beb66b78a96e9c16729b089 \
    --hash=sha256:3ccaa88b24eebc0f849ce0a4d09e8a408ec5a94afff395eb69baf868f5183107 \
    --hash=sha256:3fa80ac2bd5856580e242dbc202db873c60a01b20309c8319b5c5986fbe53ce6 \
    --hash=sha256:4228b5b646caa73f119b1ae756216b59cc6e2267201c27d3912b592c5e323b60 \
    --hash=sha256:42b0e23f119b2b456d07ca91b307ae167cc3f6c846a7b169fca5326e32fdc6cf \
    --hash=sha256:45cf8588c066860b623cd11c4ba687f8d7175d5f7ef65f7129df8a394c502de5 \
    --hash=sha256:45d9c5eb9273aa50999ad6adc6be5e0ecea7e09dbd0d31bd0c65a55a2592ca08 \
    --hash=sha256:4603137322c18eaf2e06a4495f426aa8d8388940f3c457e7548145011bb68e05 \
    --hash=sha256:46ccfe3032b3915586e469d4972973f893c0a2bb65669194a5bdea9bacc088c2 \
    --hash=sha256:4fefee876e07a6e9aad7a8c8c9f85b0cdbe7df52b8a9552307b09050f7512c7e \
    --hash=sha256:5556470f1a2157031e676f776c2bc20acd34c1990ca5f7e56f1ebf938b9ab57c \
    --hash=sha256:57866a76e0b3823e0b56692d1a0bf722bffb324839bb5b7226a7dbd6c9a40b17 \
    --hash=sha256:5897bec80a09b4084aee23f9b73a9477a46c3304ad1d2d07acca19723fb1de62 \
    --hash=sha256:58ca98a950171f3151c603aeea9303ef6c235f692fe555e883591103da709b23 \
    --hash=sha256:5ca038c7f6a0afd0b2448941b6ef9d5e1949e999f9e5517692eb6da58e9d44be \
    --hash=sha256:5f6c8a66741c5f5447e047ab0ba7a1c61d1e95580d64bce852e3df1f895c4067 \
    --hash=sha256:5f8c4718cd44ec1580e180cb739713ecda2bdee1341084c1467802a417fe0f02 \
    --hash=sha256:5fde892e6c697ce3e30c61b239330fc5d569a71fefd4eb6512fc6caec9dd9e2f \
    --hash=sha256:62a763352879b84aa31058fc931884055fd75089cccbd9d58bb6afd01141b235 \
    --hash=sha256:62ba45e21cf6571d7f716d903b5b7b6d2617e2d5d67c0923dc47b9d41369f840 \
    --hash=sha256:64c65f40b4cd8b0e049a8edde07e38b476da7e3aaebe63287c899d2cff253fa5 \
    --hash=sha256:655d7dd86f26cb15ce8a431036f66ce0318648f8853d709b4167786ec2fa4807 \
    --hash=sha256:66ff044fd0bb1768688aecbe28b6190f6e799349221fb0de0e6f4048eca14c16 \
    --hash=sha256:672ebbe820bb37988c4d136eca2652ee114992d5d41c7e4858cdd90ea94ffe5c \
    --hash=sha256:6b9af86e1d8e4cfc82c2022bfaa6f459381a50b94a29e95dcdda8442d6d83864 \
    --hash=sha256:6e0bd57539da59a3e4671b90a502da9a28c72322a4f17866ba3ac63a82c4498e \
    --hash=sha256:71a5e35c75c021aaf400ac048dacc855f000bdfed91614b4a726f7432f1f3d6a \
    --hash=sha256:7597c07fbd11515f654d6ece3d0e4e5093edc30a436c63142d9a4b8e22f19c35 \
    --hash=sha256:764be71193f87d460a03f1f7385a82e226639732214b402f9aa61f0d025f0737 \
    --hash=sha256:7699b1df36a48169cdebda7ab5a2bac265204003f153b4bd17276153d997670a \
    --hash=sha256:7ccebf51efc61634f6c2344da73e366c75e735960b5654b63d7e6f69a5885fa3 \
    --hash=sha256:7f7059ca8d64fea7f238994c97d91f75965216bcbe5f695bb44f354893f11d52 \
    --hash=sha256:8065914ff79f7eab1599bd80406681f0ad08f8e47c880f17b416c9f8f7a26d05 \
    --hash=sha256:816f5aa087094099fff7edabb5e01cc370eb21aa1a1d44fe2d2aefdfb5599b31 \
    --hash=sha256:81f2ec23ddc1b476ff96563f2e8d723830b06dceae348ce02914a37cb4e74b89 \
    --hash=sha256:84286494f6c5d05243456e04223d5a9417d7f443c3b76065e75001beb26f88de \
    --hash=sha256:8bf7b66ce12a2ac52d16f776b31d16d91033150266eb796967a7e4621707e4f6 \
    --hash=sha256:8f1edcea27918d748c7e5e4d917297b2a0ab80cad10f86631e488b7cddf76a36 \
    --hash=sha256:981fb88516bd1ae8b0cbbd2034678a39dedc98752f264ac9bc5839d3923fa04c \
    --hash=sha256:98476c98b02c8e9b2eec76ac4156fd006628b1b2d0ef27e548ffa978393fd154 \
    --hash=sha256:992cea5f4f3b29d6b4f7f1726ed8ee46c8331c6b4eed6db5b40134c6fe1768bb \
    --hash=sha256:9a3b0793b1bbfd4146304e23d90045f2a9b5fd5823aa682665fbdaf2a6c28f3e \
    --hash=sha256:9a42d6a8156ff78981f8aa56eb6394114e0dedb217cf8b729f438f643608cbcd \
    --hash=sha256:9c10c309e18e443ddb108f0ef64e8729363adbfd92d6d57beec680f6261556f3 \
    --hash=sha256:9cbd94fc661d2bab2bc702cddd2d3370bbdcc4cd0f8f57488a81bcce90c7a54f \
    --hash=sha256:9fdcf339322a3fae5cbd504edcefddd5a50d9ee00d968696846f089b4432cf78 \
    --hash=sha256:a0697803ed7d4af5e4c1adf1670af078f8fcab7a86350e969f454daf598c4960 \
    --hash=sha256:a28af0695a45f7060e6f9b7092558a928a28553366519f64083c63a44f70e618 \
    --hash=sha256:a2e02889071850bbfd36b56fd6bc98945e23670773bc7a76657e90e6b6603c08 \
    --hash=sha256:a33cd6ad9017bbeaa9ed78a2e0752c5e250eafb9534f308e7a5f7849b0b1bfb4 \
    --hash=sha256:a3cb37038123447cf0f3ea4c74751f6a9d7afef0eb71aa07bf5f652b5e6a132c \
    --hash=sha256:a57847b090d7892f123726202b7daa20df6694cbd583b67a592e856bff603d6c \
    --hash=sha256:a5a8e19d7c707c4cadb8c18f5f60c843052ae83c20fa7d44f41594c644a1d330 \
    --hash=sha256:ac3b20653bdbe160febbea8aa6c079d3df19310d50ac314911ed8cc4eb7f8cb8 \
    --hash=sha256:ac6c2c45c847bbf8f91930d88716a0fb924b51e0c6dad329b793d670ec5db792 \
    --hash=sha256:acc07b2cfc5b835444b44a9956846b578d27beeacd4b52e45489e93276241025 \
    --hash=sha256:aee66be87825cdf72ac64cb03ad4c15ffef4143dbf5c113f64a5ff4f81477bf9 \
    --hash=sha256:af52d26579b308921b73b956153066481f064875140ccd1dfd4e77db89dbb12f \
    --hash=sha256:b94d4ba43739bbe8b0ce4262bcc3b7b9f31459ad120fb595627eaeb7f9b9ca01 \
    --hash=sha256:ba630d5e3db74c79300d9a5bdaaf6200172b107f263c98a0539eeecb857b2337 \
    --hash=sha256:bed0f8a0eeea9fb72937ba118f9db0cb7e90773462af7962d382445f3005e5a4 \
    --hash=sha256:bf99c8404f008750c846cb4ac4667b798a9f7de673ff719d705d9b2d6de49c5f \
    --hash=sha256:c3027001c28434e7ca5a6e1e527487051136aa81803ac812be51802150d880dd \
    --hash=sha256:c65af9088ac534313e1963443d0ec360bb2b9cba6c2909478d22c2e363d98a51 \
    --hash=sha256:d0165ab2914379bd56908c02294ed8405c252250668ebcb438a55494c69f44ab \
    --hash=sha256:d1b26e1dff225c31897696cab7d4f0a315d4c0d9e8666dbffdb28216f3b17fdc \
    --hash=sha256:d950caa237bb1954f1b8c9227b5065ba6875ac9771bb8ec790d956a699b78676 \
    --hash=sha256:dc61505e73298a84a2f317255fcc72b710b72980f3a1f670447a21efc88f8381 \
    --hash=sha256:e173486019cc283dc9778315fa29a363579372fe67045e971e89b6365cc035ed \
    --hash=sha256:e1f735dc43da318cad19b4173dd1ffce1d84aafd6c9b782b3abc04a0d5a6f5bb \
    --hash=sha256:e9386266798d64eeb19dd3677051f5705bf873e98e15897ddb7d76f477131967 \
    --hash=sha256:f216dbce0e60e4d03e0c4353c7023b202d95cbaeff12e5fd2e82ea0a66905073 \
    --hash=sha256:f4e5658dbffe8843a0f12366a4c2d1c316dbe09bb4dfbdc9d2d9cd6031de8aae \
    --hash=sha256:f5a823165e6d04ccea61a9f0576f345f8ce40ed533013580e087bd4d7442b52c \
    --hash=sha256:f69ed81ab24d5a3bd93861c8c4436f54afdf8e8cc421562b0c7504cf3be58206 \
    --hash=sha256:f82d068a2d6ecfc6e054726080af69a6764a10015467d7d7b9f66d6ed5afa23b
    # via
    #   -c tools/bench/../../backend/requirements-dev.lock
    #   -c tools/bench/../../backend/requirements.lock
    #   pydantic
pyee==13.0.1 \
    --hash=sha256:0b931f7c14535667ed4c7e0d531716368715e860b988770fc7eb8578d1f67fc8 \
    --hash=sha256:af2f8fede4171ef667dfded53f96e2ed0d6e6bd7ee3bb46437f77e3b57689228
    # via playwright
pypdf==6.17.0 \
    --hash=sha256:097ad0d829778ec5b615aeaa5c6da4b6cac4992f8fd80b56f98a1a8c006573bb \
    --hash=sha256:5bd827266a21553b74d910e350131a6227b72f2ab4209bf372814b8195fa11c5
    # via -r tools/bench/requirements.in
pywin32==312 ; sys_platform == 'win32' \
    --hash=sha256:02ebca0f0242b75292e218065004310d6a477407c09fa449bfe4f6022bc0c0fc \
    --hash=sha256:17948aeadbdb091f0ced6ef0841620794e68327b94ee415571c1203594b7215c \
    --hash=sha256:3020656e34f1cf7faeb7bccd2b84653a607c6ff0c55ada85e6487d61716deabd \
    --hash=sha256:59aba5d5940842075343a5ddc6b11f1cdf0d1567fe745290359dfbcc7c2eb831 \
    --hash=sha256:5c1fbe4a937a73ae9297384a3da38518cbc694c68ad8a809b2e19acd350f03ed \
    --hash=sha256:5dbc35d2b5320dc07f25fa31269cfb767471002b17de5eb067d03da68c7cb2db \
    --hash=sha256:6017c58e12f6809fbb0555b75df144c2922a9ffd18e4b9b5afa863b6c1a9d950 \
    --hash=sha256:772235332b5d1024c696f11cea1ae4be7930f0a8b894bb43db14e3f435f1ff7e \
    --hash=sha256:7a27df850933d16a8eabfbaeb73d52b273e2da667f80d70b01a89d1f6828d02c \
    --hash=sha256:9fce94568364e0155e6dfb781ac5d95903be8baf28670632beab1b523f300daa \
    --hash=sha256:a4dd3a848290ef724347b19f301045831d8e802fa4464f491b98b1e0a081432e \
    --hash=sha256:a77a90fbb6881238d2ca9c6fd797b25817f3768fe78d214a90137ff055a75f5b \
    --hash=sha256:a8597d28f267b39074aef51fa593530082b39cbe5a074226096857b1fed2dfb9 \
    --hash=sha256:b2200a054ca6d6625c4842fc56a4976a4b47f96b73dbe5538c3f813a80359f47 \
    --hash=sha256:b457f6d628a47e8a7346ce22acb7e1a46a4a78b52e1d17e1af56871bd19a93bc \
    --hash=sha256:c2f03a0f73f804a13c2735b99392b0cd426bb4f2c4d0178e5ac966a0f21618d5 \
    --hash=sha256:c53e878d15a1c44788082bfe712a905433473aa38f86375b7cf8b45e3acbaaf9 \
    --hash=sha256:d11417d84412f859b722fad0841b3614459ed0047f7542d8362e77884f6b6e8a \
    --hash=sha256:d620900033cc7531e50727c3c8333091df5dd3ffe6d68cdca38c03f5821408d5 \
    --hash=sha256:dab4f65ac9c4e48400a2a0530c46c3c579cd5905ecd11b80692373915269208b \
    --hash=sha256:dc90147579a905b8635e1b0ec6514967dcb07e6e0d9c42f1477feef14cac23bb
    # via
    #   -c tools/bench/../../desktop/requirements.lock
    #   -r tools/bench/requirements.in
typing-extensions==4.16.0 \
    --hash=sha256:481caa481374e813c1b176ada14e97f1f67a4539ce9cfeb3f350d78d6370c2e8 \
    --hash=sha256:dc983d19a509c94dba722ee6abd33940f7c05a89e243c47e907eb4db6f1a43e5
    # via
    #   -c tools/bench/../../backend/requirements-dev.lock
    #   -c tools/bench/../../backend/requirements.lock
    #   -c tools/bench/../../desktop/requirements.lock
    #   pydantic
    #   pydantic-core
    #   pyee
